
Microsoft Visual Studio Solution File, Format Version 12.00
# Visual Studio 15
VisualStudioVersion = 15.0.27004.2008
MinimumVisualStudioVersion = 10.0.40219.1
Project("{9A19103F-16F7-4668-BE54-9A1E7A4F7556}") = "VitoriaRestaurante", "VitoriaRestaurante.csproj", "{176E3D32-197F-408B-8604-08D6815DF8E8}"
EndProject
Global
	GlobalSection(SolutionConfigurationPlatforms) = preSolution
		Debug|Any CPU = Debug|Any CPU
		Release|Any CPU = Release|Any CPU
	EndGlobalSection
	GlobalSection(ProjectConfigurationPlatforms) = postSolution
		{176E3D32-197F-408B-8604-08D6815DF8E8}.Debug|Any CPU.ActiveCfg = Debug|Any CPU
		{176E3D32-197F-408B-8604-08D6815DF8E8}.Debug|Any CPU.Build.0 = Debug|Any CPU
		{176E3D32-197F-408B-8604-08D6815DF8E8}.Release|Any CPU.ActiveCfg = Release|Any CPU
		{176E3D32-197F-408B-8604-08D6815DF8E8}.Release|Any CPU.Build.0 = Release|Any CPU
	EndGlobalSection
	GlobalSection(SolutionProperties) = preSolution
		HideSolutionNode = FALSE
	EndGlobalSection
	GlobalSection(ExtensibilityGlobals) = postSolution
		SolutionGuid = {C283D231-6EE0-4320-BF06-330E2102280E}
	EndGlobalSection
EndGlobal
